
Microsoft Visual Studio Solution File, Format Version 12.00
# Visual Studio Version 17
VisualStudioVersion = 17.4.33110.190
MinimumVisualStudioVersion = 10.0.40219.1
Project("{9A19103F-16F7-4668-BE54-9A1E7A4F7556}") = "SqlServerUI", "SqlServerUI\SqlServerUI.csproj", "{F3ECA918-23DC-4C51-8AF6-0F3987048E0B}"
EndProject
Project("{9A19103F-16F7-4668-BE54-9A1E7A4F7556}") = "DataAccessLibrary", "DataAccessLibrary\DataAccessLibrary.csproj", "{74C269F6-5D70-46E3-AD32-8CED0D6168CE}"
EndProject
Project("{00D1A9C2-B5F0-4AF3-8072-F6C62B433612}") = "SqlContactsDB", "SqlContextDB\SqlContactsDB.sqlproj", "{EDA11D63-0932-499B-8FC6-18BBDA1C9776}"
EndProject
Global
	GlobalSection(SolutionConfigurationPlatforms) = preSolution
		Debug|Any CPU = Debug|Any CPU
		Release|Any CPU = Release|Any CPU
	EndGlobalSection
	GlobalSection(ProjectConfigurationPlatforms) = postSolution
		{F3ECA918-23DC-4C51-8AF6-0F3987048E0B}.Debug|Any CPU.ActiveCfg = Debug|Any CPU
		{F3ECA918-23DC-4C51-8AF6-0F3987048E0B}.Debug|Any CPU.Build.0 = Debug|Any CPU
		{F3ECA918-23DC-4C51-8AF6-0F3987048E0B}.Release|Any CPU.ActiveCfg = Release|Any CPU
		{F3ECA918-23DC-4C51-8AF6-0F3987048E0B}.Release|Any CPU.Build.0 = Release|Any CPU
		{74C269F6-5D70-46E3-AD32-8CED0D6168CE}.Debug|Any CPU.ActiveCfg = Debug|Any CPU
		{74C269F6-5D70-46E3-AD32-8CED0D6168CE}.Debug|Any CPU.Build.0 = Debug|Any CPU
		{74C269F6-5D70-46E3-AD32-8CED0D6168CE}.Release|Any CPU.ActiveCfg = Release|Any CPU
		{74C269F6-5D70-46E3-AD32-8CED0D6168CE}.Release|Any CPU.Build.0 = Release|Any CPU
		{EDA11D63-0932-499B-8FC6-18BBDA1C9776}.Debug|Any CPU.ActiveCfg = Debug|Any CPU
		{EDA11D63-0932-499B-8FC6-18BBDA1C9776}.Debug|Any CPU.Build.0 = Debug|Any CPU
		{EDA11D63-0932-499B-8FC6-18BBDA1C9776}.Debug|Any CPU.Deploy.0 = Debug|Any CPU
		{EDA11D63-0932-499B-8FC6-18BBDA1C9776}.Release|Any CPU.ActiveCfg = Release|Any CPU
		{EDA11D63-0932-499B-8FC6-18BBDA1C9776}.Release|Any CPU.Build.0 = Release|Any CPU
		{EDA11D63-0932-499B-8FC6-18BBDA1C9776}.Release|Any CPU.Deploy.0 = Release|Any CPU
	EndGlobalSection
	GlobalSection(SolutionProperties) = preSolution
		HideSolutionNode = FALSE
	EndGlobalSection
	GlobalSection(ExtensibilityGlobals) = postSolution
		SolutionGuid = {5AEEE382-6D74-4616-9B04-5187543AD9DF}
	EndGlobalSection
EndGlobal
